
Microsoft Visual Studio Solution File, Format Version 12.00
# Visual Studio Express 2012 for Windows Desktop
Project("{FAE04EC0-301F-11D3-BF4B-00C04F79EFBC}") = "atributo", "atributo\atributo.csproj", "{86F71AAB-07A1-449F-8EE9-7F2E2D5F45ED}"
EndProject
Global
	GlobalSection(SolutionConfigurationPlatforms) = preSolution
		Debug|Any CPU = Debug|Any CPU
		Release|Any CPU = Release|Any CPU
	EndGlobalSection
	GlobalSection(ProjectConfigurationPlatforms) = postSolution
		{86F71AAB-07A1-449F-8EE9-7F2E2D5F45ED}.Debug|Any CPU.ActiveCfg = Debug|Any CPU
		{86F71AAB-07A1-449F-8EE9-7F2E2D5F45ED}.Debug|Any CPU.Build.0 = Debug|Any CPU
		{86F71AAB-07A1-449F-8EE9-7F2E2D5F45ED}.Release|Any CPU.ActiveCfg = Release|Any CPU
		{86F71AAB-07A1-449F-8EE9-7F2E2D5F45ED}.Release|Any CPU.Build.0 = Release|Any CPU
	EndGlobalSection
	GlobalSection(SolutionProperties) = preSolution
		HideSolutionNode = FALSE
	EndGlobalSection
EndGlobal
